// !$*UTF8*$!
{
	archiveVersion = 1;
	classes = {
	};
	objectVersion = 55;
	objects = {

/* Begin PBXBuildFile section */
		9C491AF8285C01A700BEFA41 /* MarkdownSampleApp.swift in Sources */ = {isa = PBXBuildFile; fileRef = 9C491AF7285C01A700BEFA41 /* MarkdownSampleApp.swift */; };
		9C491AFA285C01A700BEFA41 /* ContentView.swift in Sources */ = {isa = PBXBuildFile; fileRef = 9C491AF9285C01A700BEFA41 /* ContentView.swift */; };
		9C491AFC285C01AA00BEFA41 /* Assets.xcassets in Resources */ = {isa = PBXBuildFile; fileRef = 9C491AFB285C01AA00BEFA41 /* Assets.xcassets */; };
		9C491AFF285C01AA00BEFA41 /* Preview Assets.xcassets in Resources */ = {isa = PBXBuildFile; fileRef = 9C491AFE285C01AA00BEFA41 /* Preview Assets.xcassets */; };
		9C6A95A62860B5C5006EAF33 /* AppDelegate.swift in Sources */ = {isa = PBXBuildFile; fileRef = 9C6A95A52860B5C5006EAF33 /* AppDelegate.swift */; };
		9C6A95A82860B5C5006EAF33 /* SceneDelegate.swift in Sources */ = {isa = PBXBuildFile; fileRef = 9C6A95A72860B5C5006EAF33 /* SceneDelegate.swift */; };
		9C6A95AF2860B5C6006EAF33 /* Assets.xcassets in Resources */ = {isa = PBXBuildFile; fileRef = 9C6A95AE2860B5C6006EAF33 /* Assets.xcassets */; };
		9C6A95B22860B5C6006EAF33 /* LaunchScreen.storyboard in Resources */ = {isa = PBXBuildFile; fileRef = 9C6A95B02860B5C6006EAF33 /* LaunchScreen.storyboard */; };
		9C6A95CA2860BE10006EAF33 /* ContentView.swift in Sources */ = {isa = PBXBuildFile; fileRef = 9C6A95C92860BE10006EAF33 /* ContentView.swift */; };
		9C8DCA93286A8904000D74F2 /* TextStyleView.swift in Sources */ = {isa = PBXBuildFile; fileRef = 9C8DCA92286A8904000D74F2 /* TextStyleView.swift */; };
		9C8E8A59286149AC004B05D3 /* CustomMarkdownSampleApp.swift in Sources */ = {isa = PBXBuildFile; fileRef = 9C8E8A58286149AC004B05D3 /* CustomMarkdownSampleApp.swift */; };
		9C8E8A5B286149AC004B05D3 /* ContentView.swift in Sources */ = {isa = PBXBuildFile; fileRef = 9C8E8A5A286149AC004B05D3 /* ContentView.swift */; };
		9C8E8A5D286149AE004B05D3 /* Assets.xcassets in Resources */ = {isa = PBXBuildFile; fileRef = 9C8E8A5C286149AE004B05D3 /* Assets.xcassets */; };
		9C8E8A60286149AE004B05D3 /* Preview Assets.xcassets in Resources */ = {isa = PBXBuildFile; fileRef = 9C8E8A5F286149AE004B05D3 /* Preview Assets.xcassets */; };
/* End PBXBuildFile section */

/* Begin PBXFileReference section */
		9C491AF4285C01A700BEFA41 /* MarkdownSample.app */ = {isa = PBXFileReference; explicitFileType = wrapper.application; includeInIndex = 0; path = MarkdownSample.app; sourceTree = BUILT_PRODUCTS_DIR; };
		9C491AF7285C01A700BEFA41 /* MarkdownSampleApp.swift */ = {isa = PBXFileReference; lastKnownFileType = sourcecode.swift; path = MarkdownSampleApp.swift; sourceTree = "<group>"; };
		9C491AF9285C01A700BEFA41 /* ContentView.swift */ = {isa = PBXFileReference; lastKnownFileType = sourcecode.swift; path = ContentView.swift; sourceTree = "<group>"; };
		9C491AFB285C01AA00BEFA41 /* Assets.xcassets */ = {isa = PBXFileReference; lastKnownFileType = folder.assetcatalog; path = Assets.xcassets; sourceTree = "<group>"; };
		9C491AFE285C01AA00BEFA41 /* Preview Assets.xcassets */ = {isa = PBXFileReference; lastKnownFileType = folder.assetcatalog; path = "Preview Assets.xcassets"; sourceTree = "<group>"; };
		9C6A95A32860B5C5006EAF33 /* MarkdownSampleiOS13.app */ = {isa = PBXFileReference; explicitFileType = wrapper.application; includeInIndex = 0; path = MarkdownSampleiOS13.app; sourceTree = BUILT_PRODUCTS_DIR; };
		9C6A95A52860B5C5006EAF33 /* AppDelegate.swift */ = {isa = PBXFileReference; lastKnownFileType = sourcecode.swift; path = AppDelegate.swift; sourceTree = "<group>"; };
		9C6A95A72860B5C5006EAF33 /* SceneDelegate.swift */ = {isa = PBXFileReference; lastKnownFileType = sourcecode.swift; path = SceneDelegate.swift; sourceTree = "<group>"; };
		9C6A95AE2860B5C6006EAF33 /* Assets.xcassets */ = {isa = PBXFileReference; lastKnownFileType = folder.assetcatalog; path = Assets.xcassets; sourceTree = "<group>"; };
		9C6A95B12860B5C6006EAF33 /* Base */ = {isa = PBXFileReference; lastKnownFileType = file.storyboard; name = Base; path = Base.lproj/LaunchScreen.storyboard; sourceTree = "<group>"; };
		9C6A95B32860B5C6006EAF33 /* Info.plist */ = {isa = PBXFileReference; lastKnownFileType = text.plist.xml; path = Info.plist; sourceTree = "<group>"; };
		9C6A95C92860BE10006EAF33 /* ContentView.swift */ = {isa = PBXFileReference; lastKnownFileType = sourcecode.swift; path = ContentView.swift; sourceTree = "<group>"; };
		9C8DCA92286A8904000D74F2 /* TextStyleView.swift */ = {isa = PBXFileReference; lastKnownFileType = sourcecode.swift; path = TextStyleView.swift; sourceTree = "<group>"; };
		9C8E8A56286149AC004B05D3 /* CustomMarkdownSample.app */ = {isa = PBXFileReference; explicitFileType = wrapper.application; includeInIndex = 0; path = CustomMarkdownSample.app; sourceTree = BUILT_PRODUCTS_DIR; };
		9C8E8A58286149AC004B05D3 /* CustomMarkdownSampleApp.swift */ = {isa = PBXFileReference; lastKnownFileType = sourcecode.swift; path = CustomMarkdownSampleApp.swift; sourceTree = "<group>"; };
		9C8E8A5A286149AC004B05D3 /* ContentView.swift */ = {isa = PBXFileReference; lastKnownFileType = sourcecode.swift; path = ContentView.swift; sourceTree = "<group>"; };
		9C8E8A5C286149AE004B05D3 /* Assets.xcassets */ = {isa = PBXFileReference; lastKnownFileType = folder.assetcatalog; path = Assets.xcassets; sourceTree = "<group>"; };
		9C8E8A5F286149AE004B05D3 /* Preview Assets.xcassets */ = {isa = PBXFileReference; lastKnownFileType = folder.assetcatalog; path = "Preview Assets.xcassets"; sourceTree = "<group>"; };
/* End PBXFileReference section */

/* Begin PBXFrameworksBuildPhase section */
		9C491AF1285C01A700BEFA41 /* Frameworks */ = {
			isa = PBXFrameworksBuildPhase;
			buildActionMask = 2147483647;
			files = (
			);
			runOnlyForDeploymentPostprocessing = 0;
		};
		9C6A95A02860B5C5006EAF33 /* Frameworks */ = {
			isa = PBXFrameworksBuildPhase;
			buildActionMask = 2147483647;
			files = (
			);
			runOnlyForDeploymentPostprocessing = 0;
		};
		9C8E8A53286149AC004B05D3 /* Frameworks */ = {
			isa = PBXFrameworksBuildPhase;
			buildActionMask = 2147483647;
			files = (
			);
			runOnlyForDeploymentPostprocessing = 0;
		};
/* End PBXFrameworksBuildPhase section */

/* Begin PBXGroup section */
		9C491AEB285C01A700BEFA41 = {
			isa = PBXGroup;
			children = (
				9C491AF6285C01A700BEFA41 /* MarkdownSample */,
				9C6A95A42860B5C5006EAF33 /* MarkdownSampleiOS13 */,
				9C8E8A57286149AC004B05D3 /* CustomMarkdownSample */,
				9C491AF5285C01A700BEFA41 /* Products */,
			);
			sourceTree = "<group>";
		};
		9C491AF5285C01A700BEFA41 /* Products */ = {
			isa = PBXGroup;
			children = (
				9C491AF4285C01A700BEFA41 /* MarkdownSample.app */,
				9C6A95A32860B5C5006EAF33 /* MarkdownSampleiOS13.app */,
				9C8E8A56286149AC004B05D3 /* CustomMarkdownSample.app */,
			);
			name = Products;
			sourceTree = "<group>";
		};
		9C491AF6285C01A700BEFA41 /* MarkdownSample */ = {
			isa = PBXGroup;
			children = (
				9C491AF7285C01A700BEFA41 /* MarkdownSampleApp.swift */,
				9C491AF9285C01A700BEFA41 /* ContentView.swift */,
				9C491AFB285C01AA00BEFA41 /* Assets.xcassets */,
				9C491AFD285C01AA00BEFA41 /* Preview Content */,
			);
			path = MarkdownSample;
			sourceTree = "<group>";
		};
		9C491AFD285C01AA00BEFA41 /* Preview Content */ = {
			isa = PBXGroup;
			children = (
				9C491AFE285C01AA00BEFA41 /* Preview Assets.xcassets */,
			);
			path = "Preview Content";
			sourceTree = "<group>";
		};
		9C6A95A42860B5C5006EAF33 /* MarkdownSampleiOS13 */ = {
			isa = PBXGroup;
			children = (
				9C6A95A52860B5C5006EAF33 /* AppDelegate.swift */,
				9C6A95A72860B5C5006EAF33 /* SceneDelegate.swift */,
				9C6A95C92860BE10006EAF33 /* ContentView.swift */,
				9C6A95AE2860B5C6006EAF33 /* Assets.xcassets */,
				9C6A95B02860B5C6006EAF33 /* LaunchScreen.storyboard */,
				9C6A95B32860B5C6006EAF33 /* Info.plist */,
			);
			path = MarkdownSampleiOS13;
			sourceTree = "<group>";
		};
		9C8E8A57286149AC004B05D3 /* CustomMarkdownSample */ = {
			isa = PBXGroup;
			children = (
				9C8E8A58286149AC004B05D3 /* CustomMarkdownSampleApp.swift */,
				9C8E8A5A286149AC004B05D3 /* ContentView.swift */,
				9C8DCA92286A8904000D74F2 /* TextStyleView.swift */,
				9C8E8A5C286149AE004B05D3 /* Assets.xcassets */,
				9C8E8A5E286149AE004B05D3 /* Preview Content */,
			);
			path = CustomMarkdownSample;
			sourceTree = "<group>";
		};
		9C8E8A5E286149AE004B05D3 /* Preview Content */ = {
			isa = PBXGroup;
			children = (
				9C8E8A5F286149AE004B05D3 /* Preview Assets.xcassets */,
			);
			path = "Preview Content";
			sourceTree = "<group>";
		};
/* End PBXGroup section */

/* Begin PBXNativeTarget section */
		9C491AF3285C01A700BEFA41 /* MarkdownSample */ = {
			isa = PBXNativeTarget;
			buildConfigurationList = 9C491B02285C01AA00BEFA41 /* Build configuration list for PBXNativeTarget "MarkdownSample" */;
			buildPhases = (
				9C491AF0285C01A700BEFA41 /* Sources */,
				9C491AF1285C01A700BEFA41 /* Frameworks */,
				9C491AF2285C01A700BEFA41 /* Resources */,
			);
			buildRules = (
			);
			dependencies = (
			);
			name = MarkdownSample;
			productName = MarkdownSample;
			productReference = 9C491AF4285C01A700BEFA41 /* MarkdownSample.app */;
			productType = "com.apple.product-type.application";
		};
		9C6A95A22860B5C5006EAF33 /* MarkdownSampleiOS13 */ = {
			isa = PBXNativeTarget;
			buildConfigurationList = 9C6A95B62860B5C6006EAF33 /* Build configuration list for PBXNativeTarget "MarkdownSampleiOS13" */;
			buildPhases = (
				9C6A959F2860B5C5006EAF33 /* Sources */,
				9C6A95A02860B5C5006EAF33 /* Frameworks */,
				9C6A95A12860B5C5006EAF33 /* Resources */,
			);
			buildRules = (
			);
			dependencies = (
			);
			name = MarkdownSampleiOS13;
			productName = MarkdownSampleiOS13;
			productReference = 9C6A95A32860B5C5006EAF33 /* MarkdownSampleiOS13.app */;
			productType = "com.apple.product-type.application";
		};
		9C8E8A55286149AC004B05D3 /* CustomMarkdownSample */ = {
			isa = PBXNativeTarget;
			buildConfigurationList = 9C8E8A63286149AE004B05D3 /* Build configuration list for PBXNativeTarget "CustomMarkdownSample" */;
			buildPhases = (
				9C8E8A52286149AC004B05D3 /* Sources */,
				9C8E8A53286149AC004B05D3 /* Frameworks */,
				9C8E8A54286149AC004B05D3 /* Resources */,
			);
			buildRules = (
			);
			dependencies = (
			);
			name = CustomMarkdownSample;
			productName = CustomMarkdownSample;
			productReference = 9C8E8A56286149AC004B05D3 /* CustomMarkdownSample.app */;
			productType = "com.apple.product-type.application";
		};
/* End PBXNativeTarget section */

/* Begin PBXProject section */
		9C491AEC285C01A700BEFA41 /* Project object */ = {
			isa = PBXProject;
			attributes = {
				BuildIndependentTargetsInParallel = 1;
				LastSwiftUpdateCheck = 1340;
				LastUpgradeCheck = 1340;
				TargetAttributes = {
					9C491AF3285C01A700BEFA41 = {
						CreatedOnToolsVersion = 13.4.1;
					};
					9C6A95A22860B5C5006EAF33 = {
						CreatedOnToolsVersion = 13.4.1;
					};
					9C8E8A55286149AC004B05D3 = {
						CreatedOnToolsVersion = 13.4.1;
					};
				};
			};
			buildConfigurationList = 9C491AEF285C01A700BEFA41 /* Build configuration list for PBXProject "MarkdownSample" */;
			compatibilityVersion = "Xcode 13.0";
			developmentRegion = en;
			hasScannedForEncodings = 0;
			knownRegions = (
				en,
				Base,
			);
			mainGroup = 9C491AEB285C01A700BEFA41;
			productRefGroup = 9C491AF5285C01A700BEFA41 /* Products */;
			projectDirPath = "";
			projectRoot = "";
			targets = (
				9C491AF3285C01A700BEFA41 /* MarkdownSample */,
				9C6A95A22860B5C5006EAF33 /* MarkdownSampleiOS13 */,
				9C8E8A55286149AC004B05D3 /* CustomMarkdownSample */,
			);
		};
/* End PBXProject section */

/* Begin PBXResourcesBuildPhase section */
		9C491AF2285C01A700BEFA41 /* Resources */ = {
			isa = PBXResourcesBuildPhase;
			buildActionMask = 2147483647;
			files = (
				9C491AFF285C01AA00BEFA41 /* Preview Assets.xcassets in Resources */,
				9C491AFC285C01AA00BEFA41 /* Assets.xcassets in Resources */,
			);
			runOnlyForDeploymentPostprocessing = 0;
		};
		9C6A95A12860B5C5006EAF33 /* Resources */ = {
			isa = PBXResourcesBuildPhase;
			buildActionMask = 2147483647;
			files = (
				9C6A95B22860B5C6006EAF33 /* LaunchScreen.storyboard in Resources */,
				9C6A95AF2860B5C6006EAF33 /* Assets.xcassets in Resources */,
			);
			runOnlyForDeploymentPostprocessing = 0;
		};
		9C8E8A54286149AC004B05D3 /* Resources */ = {
			isa = PBXResourcesBuildPhase;
			buildActionMask = 2147483647;
			files = (
				9C8E8A60286149AE004B05D3 /* Preview Assets.xcassets in Resources */,
				9C8E8A5D286149AE004B05D3 /* Assets.xcassets in Resources */,
			);
			runOnlyForDeploymentPostprocessing = 0;
		};
/* End PBXResourcesBuildPhase section */

/* Begin PBXSourcesBuildPhase section */
		9C491AF0285C01A700BEFA41 /* Sources */ = {
			isa = PBXSourcesBuildPhase;
			buildActionMask = 2147483647;
			files = (
				9C491AFA285C01A700BEFA41 /* ContentView.swift in Sources */,
				9C491AF8285C01A700BEFA41 /* MarkdownSampleApp.swift in Sources */,
			);
			runOnlyForDeploymentPostprocessing = 0;
		};
		9C6A959F2860B5C5006EAF33 /* Sources */ = {
			isa = PBXSourcesBuildPhase;
			buildActionMask = 2147483647;
			files = (
				9C6A95A62860B5C5006EAF33 /* AppDelegate.swift in Sources */,
				9C6A95CA2860BE10006EAF33 /* ContentView.swift in Sources */,
				9C6A95A82860B5C5006EAF33 /* SceneDelegate.swift in Sources */,
			);
			runOnlyForDeploymentPostprocessing = 0;
		};
		9C8E8A52286149AC004B05D3 /* Sources */ = {
			isa = PBXSourcesBuildPhase;
			buildActionMask = 2147483647;
			files = (
				9C8E8A5B286149AC004B05D3 /* ContentView.swift in Sources */,
				9C8DCA93286A8904000D74F2 /* TextStyleView.swift in Sources */,
				9C8E8A59286149AC004B05D3 /* CustomMarkdownSampleApp.swift in Sources */,
			);
			runOnlyForDeploymentPostprocessing = 0;
		};
/* End PBXSourcesBuildPhase section */

/* Begin PBXVariantGroup section */
		9C6A95B02860B5C6006EAF33 /* LaunchScreen.storyboard */ = {
			isa = PBXVariantGroup;
			children = (
				9C6A95B12860B5C6006EAF33 /* Base */,
			);
			name = LaunchScreen.storyboard;
			sourceTree = "<group>";
		};
/* End PBXVariantGroup section */

/* Begin XCBuildConfiguration section */
		9C491B00285C01AA00BEFA41 /* Debug */ = {
			isa = XCBuildConfiguration;
			buildSettings = {
				ALWAYS_SEARCH_USER_PATHS = NO;
				CLANG_ANALYZER_NONNULL = YES;
				CLANG_ANALYZER_NUMBER_OBJECT_CONVERSION = YES_AGGRESSIVE;
				CLANG_CXX_LANGUAGE_STANDARD = "gnu++17";
				CLANG_ENABLE_MODULES = YES;
				CLANG_ENABLE_OBJC_ARC = YES;
				CLANG_ENABLE_OBJC_WEAK = YES;
				CLANG_WARN_BLOCK_CAPTURE_AUTORELEASING = YES;
				CLANG_WARN_BOOL_CONVERSION = YES;
				CLANG_WARN_COMMA = YES;
				CLANG_WARN_CONSTANT_CONVERSION = YES;
				CLANG_WARN_DEPRECATED_OBJC_IMPLEMENTATIONS = YES;
				CLANG_WARN_DIRECT_OBJC_ISA_USAGE = YES_ERROR;
				CLANG_WARN_DOCUMENTATION_COMMENTS = YES;
				CLANG_WARN_EMPTY_BODY = YES;
				CLANG_WARN_ENUM_CONVERSION = YES;
				CLANG_WARN_INFINITE_RECURSION = YES;
				CLANG_WARN_INT_CONVERSION = YES;
				CLANG_WARN_NON_LITERAL_NULL_CONVERSION = YES;
				CLANG_WARN_OBJC_IMPLICIT_RETAIN_SELF = YES;
				CLANG_WARN_OBJC_LITERAL_CONVERSION = YES;
				CLANG_WARN_OBJC_ROOT_CLASS = YES_ERROR;
				CLANG_WARN_QUOTED_INCLUDE_IN_FRAMEWORK_HEADER = YES;
				CLANG_WARN_RANGE_LOOP_ANALYSIS = YES;
				CLANG_WARN_STRICT_PROTOTYPES = YES;
				CLANG_WARN_SUSPICIOUS_MOVE = YES;
				CLANG_WARN_UNGUARDED_AVAILABILITY = YES_AGGRESSIVE;
				CLANG_WARN_UNREACHABLE_CODE = YES;
				CLANG_WARN__DUPLICATE_METHOD_MATCH = YES;
				COPY_PHASE_STRIP = NO;
				DEBUG_INFORMATION_FORMAT = dwarf;
				ENABLE_STRICT_OBJC_MSGSEND = YES;
				ENABLE_TESTABILITY = YES;
				GCC_C_LANGUAGE_STANDARD = gnu11;
				GCC_DYNAMIC_NO_PIC = NO;
				GCC_NO_COMMON_BLOCKS = YES;
				GCC_OPTIMIZATION_LEVEL = 0;
				GCC_PREPROCESSOR_DEFINITIONS = (
					"DEBUG=1",
					"$(inherited)",
				);
				GCC_WARN_64_TO_32_BIT_CONVERSION = YES;
				GCC_WARN_ABOUT_RETURN_TYPE = YES_ERROR;
				GCC_WARN_UNDECLARED_SELECTOR = YES;
				GCC_WARN_UNINITIALIZED_AUTOS = YES_AGGRESSIVE;
				GCC_WARN_UNUSED_FUNCTION = YES;
				GCC_WARN_UNUSED_VARIABLE = YES;
				IPHONEOS_DEPLOYMENT_TARGET = 15.5;
				MTL_ENABLE_DEBUG_INFO = INCLUDE_SOURCE;
				MTL_FAST_MATH = YES;
				ONLY_ACTIVE_ARCH = YES;
				SDKROOT = iphoneos;
				SWIFT_ACTIVE_COMPILATION_CONDITIONS = DEBUG;
				SWIFT_OPTIMIZATION_LEVEL = "-Onone";
			};
			name = Debug;
		};
		9C491B01285C01AA00BEFA41 /* Release */ = {
			isa = XCBuildConfiguration;
			buildSettings = {
				ALWAYS_SEARCH_USER_PATHS = NO;
				CLANG_ANALYZER_NONNULL = YES;
				CLANG_ANALYZER_NUMBER_OBJECT_CONVERSION = YES_AGGRESSIVE;
				CLANG_CXX_LANGUAGE_STANDARD = "gnu++17";
				CLANG_ENABLE_MODULES = YES;
				CLANG_ENABLE_OBJC_ARC = YES;
				CLANG_ENABLE_OBJC_WEAK = YES;
				CLANG_WARN_BLOCK_CAPTURE_AUTORELEASING = YES;
				CLANG_WARN_BOOL_CONVERSION = YES;
				CLANG_WARN_COMMA = YES;
				CLANG_WARN_CONSTANT_CONVERSION = YES;
				CLANG_WARN_DEPRECATED_OBJC_IMPLEMENTATIONS = YES;
				CLANG_WARN_DIRECT_OBJC_ISA_USAGE = YES_ERROR;
				CLANG_WARN_DOCUMENTATION_COMMENTS = YES;
				CLANG_WARN_EMPTY_BODY = YES;
				CLANG_WARN_ENUM_CONVERSION = YES;
				CLANG_WARN_INFINITE_RECURSION = YES;
				CLANG_WARN_INT_CONVERSION = YES;
				CLANG_WARN_NON_LITERAL_NULL_CONVERSION = YES;
				CLANG_WARN_OBJC_IMPLICIT_RETAIN_SELF = YES;
				CLANG_WARN_OBJC_LITERAL_CONVERSION = YES;
				CLANG_WARN_OBJC_ROOT_CLASS = YES_ERROR;
				CLANG_WARN_QUOTED_INCLUDE_IN_FRAMEWORK_HEADER = YES;
				CLANG_WARN_RANGE_LOOP_ANALYSIS = YES;
				CLANG_WARN_STRICT_PROTOTYPES = YES;
				CLANG_WARN_SUSPICIOUS_MOVE = YES;
				CLANG_WARN_UNGUARDED_AVAILABILITY = YES_AGGRESSIVE;
				CLANG_WARN_UNREACHABLE_CODE = YES;
				CLANG_WARN__DUPLICATE_METHOD_MATCH = YES;
				COPY_PHASE_STRIP = NO;
				DEBUG_INFORMATION_FORMAT = "dwarf-with-dsym";
				ENABLE_NS_ASSERTIONS = NO;
				ENABLE_STRICT_OBJC_MSGSEND = YES;
				GCC_C_LANGUAGE_STANDARD = gnu11;
				GCC_NO_COMMON_BLOCKS = YES;
				GCC_WARN_64_TO_32_BIT_CONVERSION = YES;
				GCC_WARN_ABOUT_RETURN_TYPE = YES_ERROR;
				GCC_WARN_UNDECLARED_SELECTOR = YES;
				GCC_WARN_UNINITIALIZED_AUTOS = YES_AGGRESSIVE;
				GCC_WARN_UNUSED_FUNCTION = YES;
				GCC_WARN_UNUSED_VARIABLE = YES;
				IPHONEOS_DEPLOYMENT_TARGET = 15.5;
				MTL_ENABLE_DEBUG_INFO = NO;
				MTL_FAST_MATH = YES;
				SDKROOT = iphoneos;
				SWIFT_COMPILATION_MODE = wholemodule;
				SWIFT_OPTIMIZATION_LEVEL = "-O";
				VALIDATE_PRODUCT = YES;
			};
			name = Release;
		};
		9C491B03285C01AA00BEFA41 /* Debug */ = {
			isa = XCBuildConfiguration;
			buildSettings = {
				ASSETCATALOG_COMPILER_APPICON_NAME = AppIcon;
				ASSETCATALOG_COMPILER_GLOBAL_ACCENT_COLOR_NAME = AccentColor;
				CODE_SIGN_STYLE = Automatic;
				CURRENT_PROJECT_VERSION = 1;
				DEVELOPMENT_ASSET_PATHS = "\"MarkdownSample/Preview Content\"";
				DEVELOPMENT_TEAM = TXFV3DH636;
				ENABLE_PREVIEWS = YES;
				GENERATE_INFOPLIST_FILE = YES;
				INFOPLIST_KEY_UIApplicationSceneManifest_Generation = YES;
				INFOPLIST_KEY_UIApplicationSupportsIndirectInputEvents = YES;
				INFOPLIST_KEY_UILaunchScreen_Generation = YES;
				INFOPLIST_KEY_UISupportedInterfaceOrientations_iPad = "UIInterfaceOrientationPortrait UIInterfaceOrientationPortraitUpsideDown UIInterfaceOrientationLandscapeLeft UIInterfaceOrientationLandscapeRight";
				INFOPLIST_KEY_UISupportedInterfaceOrientations_iPhone = "UIInterfaceOrientationPortrait UIInterfaceOrientationLandscapeLeft UIInterfaceOrientationLandscapeRight";
				LD_RUNPATH_SEARCH_PATHS = (
					"$(inherited)",
					"@executable_path/Frameworks",
				);
				MARKETING_VERSION = 1.0;
				PRODUCT_BUNDLE_IDENTIFIER = co.kotetu.app.sample.markdown.MarkdownSample;
				PRODUCT_NAME = "$(TARGET_NAME)";
				SWIFT_EMIT_LOC_STRINGS = YES;
				SWIFT_VERSION = 5.0;
				TARGETED_DEVICE_FAMILY = "1,2";
			};
			name = Debug;
		};
		9C491B04285C01AA00BEFA41 /* Release */ = {
			isa = XCBuildConfiguration;
			buildSettings = {
				ASSETCATALOG_COMPILER_APPICON_NAME = AppIcon;
				ASSETCATALOG_COMPILER_GLOBAL_ACCENT_COLOR_NAME = AccentColor;
				CODE_SIGN_STYLE = Automatic;
				CURRENT_PROJECT_VERSION = 1;
				DEVELOPMENT_ASSET_PATHS = "\"MarkdownSample/Preview Content\"";
				DEVELOPMENT_TEAM = TXFV3DH636;
				ENABLE_PREVIEWS = YES;
				GENERATE_INFOPLIST_FILE = YES;
				INFOPLIST_KEY_UIApplicationSceneManifest_Generation = YES;
				INFOPLIST_KEY_UIApplicationSupportsIndirectInputEvents = YES;
				INFOPLIST_KEY_UILaunchScreen_Generation = YES;
				INFOPLIST_KEY_UISupportedInterfaceOrientations_iPad = "UIInterfaceOrientationPortrait UIInterfaceOrientationPortraitUpsideDown UIInterfaceOrientationLandscapeLeft UIInterfaceOrientationLandscapeRight";
				INFOPLIST_KEY_UISupportedInterfaceOrientations_iPhone = "UIInterfaceOrientationPortrait UIInterfaceOrientationLandscapeLeft UIInterfaceOrientationLandscapeRight";
				LD_RUNPATH_SEARCH_PATHS = (
					"$(inherited)",
					"@executable_path/Frameworks",
				);
				MARKETING_VERSION = 1.0;
				PRODUCT_BUNDLE_IDENTIFIER = co.kotetu.app.sample.markdown.MarkdownSample;
				PRODUCT_NAME = "$(TARGET_NAME)";
				SWIFT_EMIT_LOC_STRINGS = YES;
				SWIFT_VERSION = 5.0;
				TARGETED_DEVICE_FAMILY = "1,2";
			};
			name = Release;
		};
		9C6A95B42860B5C6006EAF33 /* Debug */ = {
			isa = XCBuildConfiguration;
			buildSettings = {
				ASSETCATALOG_COMPILER_APPICON_NAME = AppIcon;
				ASSETCATALOG_COMPILER_GLOBAL_ACCENT_COLOR_NAME = AccentColor;
				CODE_SIGN_STYLE = Automatic;
				CURRENT_PROJECT_VERSION = 1;
				DEVELOPMENT_TEAM = TXFV3DH636;
				GENERATE_INFOPLIST_FILE = YES;
				INFOPLIST_FILE = MarkdownSampleiOS13/Info.plist;
				INFOPLIST_KEY_UIApplicationSupportsIndirectInputEvents = YES;
				INFOPLIST_KEY_UILaunchStoryboardName = LaunchScreen;
				INFOPLIST_KEY_UISupportedInterfaceOrientations_iPad = "UIInterfaceOrientationPortrait UIInterfaceOrientationPortraitUpsideDown UIInterfaceOrientationLandscapeLeft UIInterfaceOrientationLandscapeRight";
				INFOPLIST_KEY_UISupportedInterfaceOrientations_iPhone = "UIInterfaceOrientationPortrait UIInterfaceOrientationLandscapeLeft UIInterfaceOrientationLandscapeRight";
				IPHONEOS_DEPLOYMENT_TARGET = 13.0;
				LD_RUNPATH_SEARCH_PATHS = (
					"$(inherited)",
					"@executable_path/Frameworks",
				);
				MARKETING_VERSION = 1.0;
				PRODUCT_BUNDLE_IDENTIFIER = co.kotetu.app.sample.markdown.MarkdownSampleiOS13;
				PRODUCT_NAME = "$(TARGET_NAME)";
				SWIFT_EMIT_LOC_STRINGS = YES;
				SWIFT_VERSION = 5.0;
				TARGETED_DEVICE_FAMILY = "1,2";
			};
			name = Debug;
		};
		9C6A95B52860B5C6006EAF33 /* Release */ = {
			isa = XCBuildConfiguration;
			buildSettings = {
				ASSETCATALOG_COMPILER_APPICON_NAME = AppIcon;
				ASSETCATALOG_COMPILER_GLOBAL_ACCENT_COLOR_NAME = AccentColor;
				CODE_SIGN_STYLE = Automatic;
				CURRENT_PROJECT_VERSION = 1;
				DEVELOPMENT_TEAM = TXFV3DH636;
				GENERATE_INFOPLIST_FILE = YES;
				INFOPLIST_FILE = MarkdownSampleiOS13/Info.plist;
				INFOPLIST_KEY_UIApplicationSupportsIndirectInputEvents = YES;
				INFOPLIST_KEY_UILaunchStoryboardName = LaunchScreen;
				INFOPLIST_KEY_UISupportedInterfaceOrientations_iPad = "UIInterfaceOrientationPortrait UIInterfaceOrientationPortraitUpsideDown UIInterfaceOrientationLandscapeLeft UIInterfaceOrientationLandscapeRight";
				INFOPLIST_KEY_UISupportedInterfaceOrientations_iPhone = "UIInterfaceOrientationPortrait UIInterfaceOrientationLandscapeLeft UIInterfaceOrientationLandscapeRight";
				IPHONEOS_DEPLOYMENT_TARGET = 13.0;
				LD_RUNPATH_SEARCH_PATHS = (
					"$(inherited)",
					"@executable_path/Frameworks",
				);
				MARKETING_VERSION = 1.0;
				PRODUCT_BUNDLE_IDENTIFIER = co.kotetu.app.sample.markdown.MarkdownSampleiOS13;
				PRODUCT_NAME = "$(TARGET_NAME)";
				SWIFT_EMIT_LOC_STRINGS = YES;
				SWIFT_VERSION = 5.0;
				TARGETED_DEVICE_FAMILY = "1,2";
			};
			name = Release;
		};
		9C8E8A61286149AE004B05D3 /* Debug */ = {
			isa = XCBuildConfiguration;
			buildSettings = {
				ASSETCATALOG_COMPILER_APPICON_NAME = AppIcon;
				ASSETCATALOG_COMPILER_GLOBAL_ACCENT_COLOR_NAME = AccentColor;
				CODE_SIGN_STYLE = Automatic;
				CURRENT_PROJECT_VERSION = 1;
				DEVELOPMENT_ASSET_PATHS = "\"CustomMarkdownSample/Preview Content\"";
				DEVELOPMENT_TEAM = TXFV3DH636;
				ENABLE_PREVIEWS = YES;
				GENERATE_INFOPLIST_FILE = YES;
				INFOPLIST_KEY_UIApplicationSceneManifest_Generation = YES;
				INFOPLIST_KEY_UIApplicationSupportsIndirectInputEvents = YES;
				INFOPLIST_KEY_UILaunchScreen_Generation = YES;
				INFOPLIST_KEY_UISupportedInterfaceOrientations_iPad = "UIInterfaceOrientationPortrait UIInterfaceOrientationPortraitUpsideDown UIInterfaceOrientationLandscapeLeft UIInterfaceOrientationLandscapeRight";
				INFOPLIST_KEY_UISupportedInterfaceOrientations_iPhone = "UIInterfaceOrientationPortrait UIInterfaceOrientationLandscapeLeft UIInterfaceOrientationLandscapeRight";
				LD_RUNPATH_SEARCH_PATHS = (
					"$(inherited)",
					"@executable_path/Frameworks",
				);
				MARKETING_VERSION = 1.0;
				PRODUCT_BUNDLE_IDENTIFIER = co.kotetu.app.sample.markdown.CustomMarkdownSample;
				PRODUCT_NAME = "$(TARGET_NAME)";
				SWIFT_EMIT_LOC_STRINGS = YES;
				SWIFT_VERSION = 5.0;
				TARGETED_DEVICE_FAMILY = "1,2";
			};
			name = Debug;
		};
		9C8E8A62286149AE004B05D3 /* Release */ = {
			isa = XCBuildConfiguration;
			buildSettings = {
				ASSETCATALOG_COMPILER_APPICON_NAME = AppIcon;
				ASSETCATALOG_COMPILER_GLOBAL_ACCENT_COLOR_NAME = AccentColor;
				CODE_SIGN_STYLE = Automatic;
				CURRENT_PROJECT_VERSION = 1;
				DEVELOPMENT_ASSET_PATHS = "\"CustomMarkdownSample/Preview Content\"";
				DEVELOPMENT_TEAM = TXFV3DH636;
				ENABLE_PREVIEWS = YES;
				GENERATE_INFOPLIST_FILE = YES;
				INFOPLIST_KEY_UIApplicationSceneManifest_Generation = YES;
				INFOPLIST_KEY_UIApplicationSupportsIndirectInputEvents = YES;
				INFOPLIST_KEY_UILaunchScreen_Generation = YES;
				INFOPLIST_KEY_UISupportedInterfaceOrientations_iPad = "UIInterfaceOrientationPortrait UIInterfaceOrientationPortraitUpsideDown UIInterfaceOrientationLandscapeLeft UIInterfaceOrientationLandscapeRight";
				INFOPLIST_KEY_UISupportedInterfaceOrientations_iPhone = "UIInterfaceOrientationPortrait UIInterfaceOrientationLandscapeLeft UIInterfaceOrientationLandscapeRight";
				LD_RUNPATH_SEARCH_PATHS = (
					"$(inherited)",
					"@executable_path/Frameworks",
				);
				MARKETING_VERSION = 1.0;
				PRODUCT_BUNDLE_IDENTIFIER = co.kotetu.app.sample.markdown.CustomMarkdownSample;
				PRODUCT_NAME = "$(TARGET_NAME)";
				SWIFT_EMIT_LOC_STRINGS = YES;
				SWIFT_VERSION = 5.0;
				TARGETED_DEVICE_FAMILY = "1,2";
			};
			name = Release;
		};
/* End XCBuildConfiguration section */

/* Begin XCConfigurationList section */
		9C491AEF285C01A700BEFA41 /* Build configuration list for PBXProject "MarkdownSample" */ = {
			isa = XCConfigurationList;
			buildConfigurations = (
				9C491B00285C01AA00BEFA41 /* Debug */,
				9C491B01285C01AA00BEFA41 /* Release */,
			);
			defaultConfigurationIsVisible = 0;
			defaultConfigurationName = Release;
		};
		9C491B02285C01AA00BEFA41 /* Build configuration list for PBXNativeTarget "MarkdownSample" */ = {
			isa = XCConfigurationList;
			buildConfigurations = (
				9C491B03285C01AA00BEFA41 /* Debug */,
				9C491B04285C01AA00BEFA41 /* Release */,
			);
			defaultConfigurationIsVisible = 0;
			defaultConfigurationName = Release;
		};
		9C6A95B62860B5C6006EAF33 /* Build configuration list for PBXNativeTarget "MarkdownSampleiOS13" */ = {
			isa = XCConfigurationList;
			buildConfigurations = (
				9C6A95B42860B5C6006EAF33 /* Debug */,
				9C6A95B52860B5C6006EAF33 /* Release */,
			);
			defaultConfigurationIsVisible = 0;
			defaultConfigurationName = Release;
		};
		9C8E8A63286149AE004B05D3 /* Build configuration list for PBXNativeTarget "CustomMarkdownSample" */ = {
			isa = XCConfigurationList;
			buildConfigurations = (
				9C8E8A61286149AE004B05D3 /* Debug */,
				9C8E8A62286149AE004B05D3 /* Release */,
			);
			defaultConfigurationIsVisible = 0;
			defaultConfigurationName = Release;
		};
/* End XCConfigurationList section */
	};
	rootObject = 9C491AEC285C01A700BEFA41 /* Project object */;
}
